
Microsoft Visual Studio Solution File, Format Version 12.00
# Visual Studio Version 16
VisualStudioVersion = 16.0.29728.190
MinimumVisualStudioVersion = 10.0.40219.1
Project("{FAE04EC0-301F-11D3-BF4B-00C04F79EFBC}") = "cloasisDapperAPI", "cloasisDapperAPI\cloasisDapperAPI.csproj", "{8CCFF497-7C9D-444C-B9C6-B06C454443C1}"
EndProject
Global
	GlobalSection(SolutionConfigurationPlatforms) = preSolution
		Debug|Any CPU = Debug|Any CPU
		Release|Any CPU = Release|Any CPU
	EndGlobalSection
	GlobalSection(ProjectConfigurationPlatforms) = postSolution
		{8CCFF497-7C9D-444C-B9C6-B06C454443C1}.Debug|Any CPU.ActiveCfg = Debug|Any CPU
		{8CCFF497-7C9D-444C-B9C6-B06C454443C1}.Debug|Any CPU.Build.0 = Debug|Any CPU
		{8CCFF497-7C9D-444C-B9C6-B06C454443C1}.Release|Any CPU.ActiveCfg = Release|Any CPU
		{8CCFF497-7C9D-444C-B9C6-B06C454443C1}.Release|Any CPU.Build.0 = Release|Any CPU
	EndGlobalSection
	GlobalSection(SolutionProperties) = preSolution
		HideSolutionNode = FALSE
	EndGlobalSection
	GlobalSection(ExtensibilityGlobals) = postSolution
		SolutionGuid = {A25846D0-F12D-4F3A-BDBF-7B1906824E04}
	EndGlobalSection
EndGlobal
